Microsoft Visual Studio Solution File, Format Version 12.00
# Visual Studio Version 17
VisualStudioVersion = 17.0.31903.59
MinimumVisualStudioVersion = 10.0.40219.1
Project("{FAE04EC0-301F-11D3-BF4B-00C04F79EFBC}") = "OptionAnalysisTool.Shared", "OptionAnalysisTool.Shared\OptionAnalysisTool.Shared.csproj", "{A1B2C3D4-E5F6-4A5B-8C7D-9E0F1A2B3C4D}"
EndProject
Project("{FAE04EC0-301F-11D3-BF4B-00C04F79EFBC}") = "OptionAnalysisTool.Common", "OptionAnalysisTool.Common\OptionAnalysisTool.Common.csproj", "{B2C3D4E5-F6A7-4B5C-8D9E-0F1A2B3C4D5E}"
EndProject
Project("{FAE04EC0-301F-11D3-BF4B-00C04F79EFBC}") = "OptionAnalysisTool.KiteConnect", "OptionAnalysisTool.KiteConnect\OptionAnalysisTool.KiteConnect.csproj", "{C3D4E5F6-A7B8-4C5D-9E0F-1A2B3C4D5E6F}"
EndProject
Project("{FAE04EC0-301F-11D3-BF4B-00C04F79EFBC}") = "OptionAnalysisTool.App", "OptionAnalysisTool.App\OptionAnalysisTool.App.csproj", "{D4E5F6A7-B8C9-4D5E-0F1A-2B3C4D5E6F7A}"
EndProject
Project("{FAE04EC0-301F-11D3-BF4B-00C04F79EFBC}") = "OptionAnalysisTool.Tests", "OptionAnalysisTool.Tests\OptionAnalysisTool.Tests.csproj", "{E5F6A7B8-C9D0-4E5F-1A2B-3C4D5E6F7A8B}"
EndProject
Project("{FAE04EC0-301F-11D3-BF4B-00C04F79EFBC}") = "OptionAnalysisTool.Models", "OptionAnalysisTool.Models\OptionAnalysisTool.Models.csproj", "{B624497B-6D1D-495C-BE01-51706E6E8687}"
EndProject
Global
	GlobalSection(SolutionConfigurationPlatforms) = preSolution
		Debug|Any CPU = Debug|Any CPU
		Release|Any CPU = Release|Any CPU
	EndGlobalSection
	GlobalSection(ProjectConfigurationPlatforms) = postSolution
		{A1B2C3D4-E5F6-4A5B-8C7D-9E0F1A2B3C4D}.Debug|Any CPU.ActiveCfg = Debug|Any CPU
		{A1B2C3D4-E5F6-4A5B-8C7D-9E0F1A2B3C4D}.Debug|Any CPU.Build.0 = Debug|Any CPU
		{A1B2C3D4-E5F6-4A5B-8C7D-9E0F1A2B3C4D}.Release|Any CPU.ActiveCfg = Release|Any CPU
		{A1B2C3D4-E5F6-4A5B-8C7D-9E0F1A2B3C4D}.Release|Any CPU.Build.0 = Release|Any CPU
		{B2C3D4E5-F6A7-4B5C-8D9E-0F1A2B3C4D5E}.Debug|Any CPU.ActiveCfg = Debug|Any CPU
		{B2C3D4E5-F6A7-4B5C-8D9E-0F1A2B3C4D5E}.Debug|Any CPU.Build.0 = Debug|Any CPU
		{B2C3D4E5-F6A7-4B5C-8D9E-0F1A2B3C4D5E}.Release|Any CPU.ActiveCfg = Release|Any CPU
		{B2C3D4E5-F6A7-4B5C-8D9E-0F1A2B3C4D5E}.Release|Any CPU.Build.0 = Release|Any CPU
		{C3D4E5F6-A7B8-4C5D-9E0F-1A2B3C4D5E6F}.Debug|Any CPU.ActiveCfg = Debug|Any CPU
		{C3D4E5F6-A7B8-4C5D-9E0F-1A2B3C4D5E6F}.Debug|Any CPU.Build.0 = Debug|Any CPU
		{C3D4E5F6-A7B8-4C5D-9E0F-1A2B3C4D5E6F}.Release|Any CPU.ActiveCfg = Release|Any CPU
		{C3D4E5F6-A7B8-4C5D-9E0F-1A2B3C4D5E6F}.Release|Any CPU.Build.0 = Release|Any CPU
		{D4E5F6A7-B8C9-4D5E-0F1A-2B3C4D5E6F7A}.Debug|Any CPU.ActiveCfg = Debug|Any CPU
		{D4E5F6A7-B8C9-4D5E-0F1A-2B3C4D5E6F7A}.Debug|Any CPU.Build.0 = Debug|Any CPU
		{D4E5F6A7-B8C9-4D5E-0F1A-2B3C4D5E6F7A}.Release|Any CPU.ActiveCfg = Release|Any CPU
		{D4E5F6A7-B8C9-4D5E-0F1A-2B3C4D5E6F7A}.Release|Any CPU.Build.0 = Release|Any CPU
		{E5F6A7B8-C9D0-4E5F-1A2B-3C4D5E6F7A8B}.Debug|Any CPU.ActiveCfg = Debug|Any CPU
		{E5F6A7B8-C9D0-4E5F-1A2B-3C4D5E6F7A8B}.Debug|Any CPU.Build.0 = Debug|Any CPU
		{E5F6A7B8-C9D0-4E5F-1A2B-3C4D5E6F7A8B}.Release|Any CPU.ActiveCfg = Release|Any CPU
		{E5F6A7B8-C9D0-4E5F-1A2B-3C4D5E6F7A8B}.Release|Any CPU.Build.0 = Release|Any CPU
		{B624497B-6D1D-495C-BE01-51706E6E8687}.Debug|Any CPU.ActiveCfg = Debug|Any CPU
		{B624497B-6D1D-495C-BE01-51706E6E8687}.Debug|Any CPU.Build.0 = Debug|Any CPU
		{B624497B-6D1D-495C-BE01-51706E6E8687}.Release|Any CPU.ActiveCfg = Release|Any CPU
		{B624497B-6D1D-495C-BE01-51706E6E8687}.Release|Any CPU.Build.0 = Release|Any CPU
	EndGlobalSection
	GlobalSection(SolutionProperties) = preSolution
		HideSolutionNode = FALSE
	EndGlobalSection
	GlobalSection(ExtensibilityGlobals) = postSolution
		SolutionGuid = {F6A7B8C9-D0E1-4F5A-2B3C-4D5E6F7A8B9C}
	EndGlobalSection
EndGlobal
